// !$*UTF8*$!
{
	archiveVersion = 1;
	classes = {
	};
	objectVersion = 55;
	objects = {

/* Begin PBXBuildFile section */
		7B260194844EFE9B6B32AB22 /* Pods_Flix.framework in Frameworks */ = {isa = PBXBuildFile; fileRef = 7D268508CCCBFCFECB36C8F3 /* Pods_Flix.framework */; };
		A0D676016A91AAD391AF9175 /* Pods_Flix_FlixUITests.framework in Frameworks */ = {isa = PBXBuildFile; fileRef = 997B280ADC3D39B474CCDA4E /* Pods_Flix_FlixUITests.framework */; };
		AF88B60DDED5352BB3E74DCE /* Pods_FlixTests.framework in Frameworks */ = {isa = PBXBuildFile; fileRef = BB2363051E60CA62D98573C7 /* Pods_FlixTests.framework */; };
		C74DA20A28D8166000674465 /* MovieDetailsViewController.swift in Sources */ = {isa = PBXBuildFile; fileRef = C74DA20928D8166000674465 /* MovieDetailsViewController.swift */; };
		C74DA20C28D94EBE00674465 /* MovieGridViewController.swift in Sources */ = {isa = PBXBuildFile; fileRef = C74DA20B28D94EBE00674465 /* MovieGridViewController.swift */; };
		C74DA20E28D954B900674465 /* MovieGridCell.swift in Sources */ = {isa = PBXBuildFile; fileRef = C74DA20D28D954B900674465 /* MovieGridCell.swift */; };
		C74EAD3628D0091F007F8A21 /* MovieCell.swift in Sources */ = {isa = PBXBuildFile; fileRef = C74EAD3528D0091E007F8A21 /* MovieCell.swift */; };
		C74EAD3928D00C95007F8A21 /* AlamofireImage in Frameworks */ = {isa = PBXBuildFile; productRef = C74EAD3828D00C95007F8A21 /* AlamofireImage */; };
		C7AC258528D964CE00476CEA /* MoviesGridDetailsViewController.swift in Sources */ = {isa = PBXBuildFile; fileRef = C7AC258428D964CE00476CEA /* MoviesGridDetailsViewController.swift */; };
		C7BA8DF728CEEE58007A62EB /* AppDelegate.swift in Sources */ = {isa = PBXBuildFile; fileRef = C7BA8DF628CEEE58007A62EB /* AppDelegate.swift */; };
		C7BA8DF928CEEE58007A62EB /* SceneDelegate.swift in Sources */ = {isa = PBXBuildFile; fileRef = C7BA8DF828CEEE58007A62EB /* SceneDelegate.swift */; };
		C7BA8DFB28CEEE58007A62EB /* MoviesViewController.swift in Sources */ = {isa = PBXBuildFile; fileRef = C7BA8DFA28CEEE58007A62EB /* MoviesViewController.swift */; };
		C7BA8DFE28CEEE58007A62EB /* Main.storyboard in Resources */ = {isa = PBXBuildFile; fileRef = C7BA8DFC28CEEE58007A62EB /* Main.storyboard */; };
		C7BA8E0028CEEE5B007A62EB /* Assets.xcassets in Resources */ = {isa = PBXBuildFile; fileRef = C7BA8DFF28CEEE5B007A62EB /* Assets.xcassets */; };
		C7BA8E0328CEEE5B007A62EB /* LaunchScreen.storyboard in Resources */ = {isa = PBXBuildFile; fileRef = C7BA8E0128CEEE5B007A62EB /* LaunchScreen.storyboard */; };
		C7BA8E0E28CEEE5B007A62EB /* FlixTests.swift in Sources */ = {isa = PBXBuildFile; fileRef = C7BA8E0D28CEEE5B007A62EB /* FlixTests.swift */; };
		C7BA8E1828CEEE5B007A62EB /* FlixUITests.swift in Sources */ = {isa = PBXBuildFile; fileRef = C7BA8E1728CEEE5B007A62EB /* FlixUITests.swift */; };
		C7BA8E1A28CEEE5B007A62EB /* FlixUITestsLaunchTests.swift in Sources */ = {isa = PBXBuildFile; fileRef = C7BA8E1928CEEE5B007A62EB /* FlixUITestsLaunchTests.swift */; };
/* End PBXBuildFile section */

/* Begin PBXContainerItemProxy section */
		C7BA8E0A28CEEE5B007A62EB /* PBXContainerItemProxy */ = {
			isa = PBXContainerItemProxy;
			containerPortal = C7BA8DEB28CEEE58007A62EB /* Project object */;
			proxyType = 1;
			remoteGlobalIDString = C7BA8DF228CEEE58007A62EB;
			remoteInfo = Flix;
		};
		C7BA8E1428CEEE5B007A62EB /* PBXContainerItemProxy */ = {
			isa = PBXContainerItemProxy;
			containerPortal = C7BA8DEB28CEEE58007A62EB /* Project object */;
			proxyType = 1;
			remoteGlobalIDString = C7BA8DF228CEEE58007A62EB;
			remoteInfo = Flix;
		};
/* End PBXContainerItemProxy section */

/* Begin PBXFileReference section */
		18CD90A93CB661F3B6F1A243 /* Pods-Flix.debug.xcconfig */ = {isa = PBXFileReference; includeInIndex = 1; lastKnownFileType = text.xcconfig; name = "Pods-Flix.debug.xcconfig"; path = "Target Support Files/Pods-Flix/Pods-Flix.debug.xcconfig"; sourceTree = "<group>"; };
		2E5DEAEE277C31F8D9472F05 /* Pods-FlixTests.release.xcconfig */ = {isa = PBXFileReference; includeInIndex = 1; lastKnownFileType = text.xcconfig; name = "Pods-FlixTests.release.xcconfig"; path = "Target Support Files/Pods-FlixTests/Pods-FlixTests.release.xcconfig"; sourceTree = "<group>"; };
		7D268508CCCBFCFECB36C8F3 /* Pods_Flix.framework */ = {isa = PBXFileReference; explicitFileType = wrapper.framework; includeInIndex = 0; path = Pods_Flix.framework; sourceTree = BUILT_PRODUCTS_DIR; };
		997B280ADC3D39B474CCDA4E /* Pods_Flix_FlixUITests.framework */ = {isa = PBXFileReference; explicitFileType = wrapper.framework; includeInIndex = 0; path = Pods_Flix_FlixUITests.framework; sourceTree = BUILT_PRODUCTS_DIR; };
		AE98DF4D6E5294B33B13E9F1 /* Pods-FlixTests.debug.xcconfig */ = {isa = PBXFileReference; includeInIndex = 1; lastKnownFileType = text.xcconfig; name = "Pods-FlixTests.debug.xcconfig"; path = "Target Support Files/Pods-FlixTests/Pods-FlixTests.debug.xcconfig"; sourceTree = "<group>"; };
		BB2363051E60CA62D98573C7 /* Pods_FlixTests.framework */ = {isa = PBXFileReference; explicitFileType = wrapper.framework; includeInIndex = 0; path = Pods_FlixTests.framework; sourceTree = BUILT_PRODUCTS_DIR; };
		C058F9CCB4F352184A26728F /* Pods-Flix-FlixUITests.debug.xcconfig */ = {isa = PBXFileReference; includeInIndex = 1; lastKnownFileType = text.xcconfig; name = "Pods-Flix-FlixUITests.debug.xcconfig"; path = "Target Support Files/Pods-Flix-FlixUITests/Pods-Flix-FlixUITests.debug.xcconfig"; sourceTree = "<group>"; };
		C74DA20928D8166000674465 /* MovieDetailsViewController.swift */ = {isa = PBXFileReference; lastKnownFileType = sourcecode.swift; path = MovieDetailsViewController.swift; sourceTree = "<group>"; };
		C74DA20B28D94EBE00674465 /* MovieGridViewController.swift */ = {isa = PBXFileReference; lastKnownFileType = sourcecode.swift; path = MovieGridViewController.swift; sourceTree = "<group>"; };
		C74DA20D28D954B900674465 /* MovieGridCell.swift */ = {isa = PBXFileReference; lastKnownFileType = sourcecode.swift; path = MovieGridCell.swift; sourceTree = "<group>"; };
		C74EAD3528D0091E007F8A21 /* MovieCell.swift */ = {isa = PBXFileReference; lastKnownFileType = sourcecode.swift; path = MovieCell.swift; sourceTree = "<group>"; };
		C7AC258428D964CE00476CEA /* MoviesGridDetailsViewController.swift */ = {isa = PBXFileReference; lastKnownFileType = sourcecode.swift; path = MoviesGridDetailsViewController.swift; sourceTree = "<group>"; };
		C7BA8DF328CEEE58007A62EB /* Flix.app */ = {isa = PBXFileReference; explicitFileType = wrapper.application; includeInIndex = 0; path = Flix.app; sourceTree = BUILT_PRODUCTS_DIR; };
		C7BA8DF628CEEE58007A62EB /* AppDelegate.swift */ = {isa = PBXFileReference; lastKnownFileType = sourcecode.swift; path = AppDelegate.swift; sourceTree = "<group>"; };
		C7BA8DF828CEEE58007A62EB /* SceneDelegate.swift */ = {isa = PBXFileReference; lastKnownFileType = sourcecode.swift; path = SceneDelegate.swift; sourceTree = "<group>"; };
		C7BA8DFA28CEEE58007A62EB /* MoviesViewController.swift */ = {isa = PBXFileReference; lastKnownFileType = sourcecode.swift; path = MoviesViewController.swift; sourceTree = "<group>"; };
		C7BA8DFD28CEEE58007A62EB /* Base */ = {isa = PBXFileReference; lastKnownFileType = file.storyboard; name = Base; path = Base.lproj/Main.storyboard; sourceTree = "<group>"; };
		C7BA8DFF28CEEE5B007A62EB /* Assets.xcassets */ = {isa = PBXFileReference; lastKnownFileType = folder.assetcatalog; path = Assets.xcassets; sourceTree = "<group>"; };
		C7BA8E0228CEEE5B007A62EB /* Base */ = {isa = PBXFileReference; lastKnownFileType = file.storyboard; name = Base; path = Base.lproj/LaunchScreen.storyboard; sourceTree = "<group>"; };
		C7BA8E0428CEEE5B007A62EB /* Info.plist */ = {isa = PBXFileReference; lastKnownFileType = text.plist.xml; path = Info.plist; sourceTree = "<group>"; };
		C7BA8E0928CEEE5B007A62EB /* FlixTests.xctest */ = {isa = PBXFileReference; explicitFileType = wrapper.cfbundle; includeInIndex = 0; path = FlixTests.xctest; sourceTree = BUILT_PRODUCTS_DIR; };
		C7BA8E0D28CEEE5B007A62EB /* FlixTests.swift */ = {isa = PBXFileReference; lastKnownFileType = sourcecode.swift; path = FlixTests.swift; sourceTree = "<group>"; };
		C7BA8E1328CEEE5B007A62EB /* FlixUITests.xctest */ = {isa = PBXFileReference; explicitFileType = wrapper.cfbundle; includeInIndex = 0; path = FlixUITests.xctest; sourceTree = BUILT_PRODUCTS_DIR; };
		C7BA8E1728CEEE5B007A62EB /* FlixUITests.swift */ = {isa = PBXFileReference; lastKnownFileType = sourcecode.swift; path = FlixUITests.swift; sourceTree = "<group>"; };
		C7BA8E1928CEEE5B007A62EB /* FlixUITestsLaunchTests.swift */ = {isa = PBXFileReference; lastKnownFileType = sourcecode.swift; path = FlixUITestsLaunchTests.swift; sourceTree = "<group>"; };
		D4EE2E424884375B6535D463 /* Pods-Flix.release.xcconfig */ = {isa = PBXFileReference; includeInIndex = 1; lastKnownFileType = text.xcconfig; name = "Pods-Flix.release.xcconfig"; path = "Target Support Files/Pods-Flix/Pods-Flix.release.xcconfig"; sourceTree = "<group>"; };
		EFA0DD308448A04153F69474 /* Pods-Flix-FlixUITests.release.xcconfig */ = {isa = PBXFileReference; includeInIndex = 1; lastKnownFileType = text.xcconfig; name = "Pods-Flix-FlixUITests.release.xcconfig"; path = "Target Support Files/Pods-Flix-FlixUITests/Pods-Flix-FlixUITests.release.xcconfig"; sourceTree = "<group>"; };
/* End PBXFileReference section */

/* Begin PBXFrameworksBuildPhase section */
		C7BA8DF028CEEE58007A62EB /* Frameworks */ = {
			isa = PBXFrameworksBuildPhase;
			buildActionMask = 2147483647;
			files = (
				C74EAD3928D00C95007F8A21 /* AlamofireImage in Frameworks */,
				7B260194844EFE9B6B32AB22 /* Pods_Flix.framework in Frameworks */,
			);
			runOnlyForDeploymentPostprocessing = 0;
		};
		C7BA8E0628CEEE5B007A62EB /* Frameworks */ = {
			isa = PBXFrameworksBuildPhase;
			buildActionMask = 2147483647;
			files = (
				AF88B60DDED5352BB3E74DCE /* Pods_FlixTests.framework in Frameworks */,
			);
			runOnlyForDeploymentPostprocessing = 0;
		};
		C7BA8E1028CEEE5B007A62EB /* Frameworks */ = {
			isa = PBXFrameworksBuildPhase;
			buildActionMask = 2147483647;
			files = (
				A0D676016A91AAD391AF9175 /* Pods_Flix_FlixUITests.framework in Frameworks */,
			);
			runOnlyForDeploymentPostprocessing = 0;
		};
/* End PBXFrameworksBuildPhase section */

/* Begin PBXGroup section */
		11852A8C303D2F9AFAD2203C /* Frameworks */ = {
			isa = PBXGroup;
			children = (
				7D268508CCCBFCFECB36C8F3 /* Pods_Flix.framework */,
				997B280ADC3D39B474CCDA4E /* Pods_Flix_FlixUITests.framework */,
				BB2363051E60CA62D98573C7 /* Pods_FlixTests.framework */,
			);
			name = Frameworks;
			sourceTree = "<group>";
		};
		8ED035567ABFB4DADB17E7BA /* Pods */ = {
			isa = PBXGroup;
			children = (
				18CD90A93CB661F3B6F1A243 /* Pods-Flix.debug.xcconfig */,
				D4EE2E424884375B6535D463 /* Pods-Flix.release.xcconfig */,
				C058F9CCB4F352184A26728F /* Pods-Flix-FlixUITests.debug.xcconfig */,
				EFA0DD308448A04153F69474 /* Pods-Flix-FlixUITests.release.xcconfig */,
				AE98DF4D6E5294B33B13E9F1 /* Pods-FlixTests.debug.xcconfig */,
				2E5DEAEE277C31F8D9472F05 /* Pods-FlixTests.release.xcconfig */,
			);
			path = Pods;
			sourceTree = "<group>";
		};
		C7BA8DEA28CEEE58007A62EB = {
			isa = PBXGroup;
			children = (
				C7BA8DF528CEEE58007A62EB /* Flix */,
				C7BA8E0C28CEEE5B007A62EB /* FlixTests */,
				C7BA8E1628CEEE5B007A62EB /* FlixUITests */,
				C7BA8DF428CEEE58007A62EB /* Products */,
				8ED035567ABFB4DADB17E7BA /* Pods */,
				11852A8C303D2F9AFAD2203C /* Frameworks */,
			);
			sourceTree = "<group>";
		};
		C7BA8DF428CEEE58007A62EB /* Products */ = {
			isa = PBXGroup;
			children = (
				C7BA8DF328CEEE58007A62EB /* Flix.app */,
				C7BA8E0928CEEE5B007A62EB /* FlixTests.xctest */,
				C7BA8E1328CEEE5B007A62EB /* FlixUITests.xctest */,
			);
			name = Products;
			sourceTree = "<group>";
		};
		C7BA8DF528CEEE58007A62EB /* Flix */ = {
			isa = PBXGroup;
			children = (
				C7BA8DF628CEEE58007A62EB /* AppDelegate.swift */,
				C7BA8DF828CEEE58007A62EB /* SceneDelegate.swift */,
				C7BA8DFA28CEEE58007A62EB /* MoviesViewController.swift */,
				C7BA8DFC28CEEE58007A62EB /* Main.storyboard */,
				C7AC258428D964CE00476CEA /* MoviesGridDetailsViewController.swift */,
				C7BA8DFF28CEEE5B007A62EB /* Assets.xcassets */,
				C7BA8E0128CEEE5B007A62EB /* LaunchScreen.storyboard */,
				C7BA8E0428CEEE5B007A62EB /* Info.plist */,
				C74EAD3528D0091E007F8A21 /* MovieCell.swift */,
				C74DA20928D8166000674465 /* MovieDetailsViewController.swift */,
				C74DA20B28D94EBE00674465 /* MovieGridViewController.swift */,
				C74DA20D28D954B900674465 /* MovieGridCell.swift */,
			);
			path = Flix;
			sourceTree = "<group>";
		};
		C7BA8E0C28CEEE5B007A62EB /* FlixTests */ = {
			isa = PBXGroup;
			children = (
				C7BA8E0D28CEEE5B007A62EB /* FlixTests.swift */,
			);
			path = FlixTests;
			sourceTree = "<group>";
		};
		C7BA8E1628CEEE5B007A62EB /* FlixUITests */ = {
			isa = PBXGroup;
			children = (
				C7BA8E1728CEEE5B007A62EB /* FlixUITests.swift */,
				C7BA8E1928CEEE5B007A62EB /* FlixUITestsLaunchTests.swift */,
			);
			path = FlixUITests;
			sourceTree = "<group>";
		};
/* End PBXGroup section */

/* Begin PBXNativeTarget section */
		C7BA8DF228CEEE58007A62EB /* Flix */ = {
			isa = PBXNativeTarget;
			buildConfigurationList = C7BA8E1D28CEEE5B007A62EB /* Build configuration list for PBXNativeTarget "Flix" */;
			buildPhases = (
				780D0A1E9DC60EFBD1D8F9D1 /* [CP] Check Pods Manifest.lock */,
				C7BA8DEF28CEEE58007A62EB /* Sources */,
				C7BA8DF028CEEE58007A62EB /* Frameworks */,
				C7BA8DF128CEEE58007A62EB /* Resources */,
				ED2E225CFD30C362853F609C /* [CP] Embed Pods Frameworks */,
			);
			buildRules = (
			);
			dependencies = (
			);
			name = Flix;
			packageProductDependencies = (
				C74EAD3828D00C95007F8A21 /* AlamofireImage */,
			);
			productName = Flix;
			productReference = C7BA8DF328CEEE58007A62EB /* Flix.app */;
			productType = "com.apple.product-type.application";
		};
		C7BA8E0828CEEE5B007A62EB /* FlixTests */ = {
			isa = PBXNativeTarget;
			buildConfigurationList = C7BA8E2028CEEE5B007A62EB /* Build configuration list for PBXNativeTarget "FlixTests" */;
			buildPhases = (
				8CA15A5D2411AAC762B58258 /* [CP] Check Pods Manifest.lock */,
				C7BA8E0528CEEE5B007A62EB /* Sources */,
				C7BA8E0628CEEE5B007A62EB /* Frameworks */,
				C7BA8E0728CEEE5B007A62EB /* Resources */,
			);
			buildRules = (
			);
			dependencies = (
				C7BA8E0B28CEEE5B007A62EB /* PBXTargetDependency */,
			);
			name = FlixTests;
			productName = FlixTests;
			productReference = C7BA8E0928CEEE5B007A62EB /* FlixTests.xctest */;
			productType = "com.apple.product-type.bundle.unit-test";
		};
		C7BA8E1228CEEE5B007A62EB /* FlixUITests */ = {
			isa = PBXNativeTarget;
			buildConfigurationList = C7BA8E2328CEEE5B007A62EB /* Build configuration list for PBXNativeTarget "FlixUITests" */;
			buildPhases = (
				12DA5DEF97B14902D924AEF4 /* [CP] Check Pods Manifest.lock */,
				C7BA8E0F28CEEE5B007A62EB /* Sources */,
				C7BA8E1028CEEE5B007A62EB /* Frameworks */,
				C7BA8E1128CEEE5B007A62EB /* Resources */,
				9A89CF7238893A9713883621 /* [CP] Embed Pods Frameworks */,
			);
			buildRules = (
			);
			dependencies = (
				C7BA8E1528CEEE5B007A62EB /* PBXTargetDependency */,
			);
			name = FlixUITests;
			productName = FlixUITests;
			productReference = C7BA8E1328CEEE5B007A62EB /* FlixUITests.xctest */;
			productType = "com.apple.product-type.bundle.ui-testing";
		};
/* End PBXNativeTarget section */

/* Begin PBXProject section */
		C7BA8DEB28CEEE58007A62EB /* Project object */ = {
			isa = PBXProject;
			attributes = {
				BuildIndependentTargetsInParallel = 1;
				LastSwiftUpdateCheck = 1340;
				LastUpgradeCheck = 1340;
				TargetAttributes = {
					C7BA8DF228CEEE58007A62EB = {
						CreatedOnToolsVersion = 13.4.1;
					};
					C7BA8E0828CEEE5B007A62EB = {
						CreatedOnToolsVersion = 13.4.1;
						TestTargetID = C7BA8DF228CEEE58007A62EB;
					};
					C7BA8E1228CEEE5B007A62EB = {
						CreatedOnToolsVersion = 13.4.1;
						TestTargetID = C7BA8DF228CEEE58007A62EB;
					};
				};
			};
			buildConfigurationList = C7BA8DEE28CEEE58007A62EB /* Build configuration list for PBXProject "Flix" */;
			compatibilityVersion = "Xcode 13.0";
			developmentRegion = en;
			hasScannedForEncodings = 0;
			knownRegions = (
				en,
				Base,
			);
			mainGroup = C7BA8DEA28CEEE58007A62EB;
			packageReferences = (
				C74EAD3728D00C95007F8A21 /* XCRemoteSwiftPackageReference "AlamofireImage" */,
			);
			productRefGroup = C7BA8DF428CEEE58007A62EB /* Products */;
			projectDirPath = "";
			projectRoot = "";
			targets = (
				C7BA8DF228CEEE58007A62EB /* Flix */,
				C7BA8E0828CEEE5B007A62EB /* FlixTests */,
				C7BA8E1228CEEE5B007A62EB /* FlixUITests */,
			);
		};
/* End PBXProject section */

/* Begin PBXResourcesBuildPhase section */
		C7BA8DF128CEEE58007A62EB /* Resources */ = {
			isa = PBXResourcesBuildPhase;
			buildActionMask = 2147483647;
			files = (
				C7BA8E0328CEEE5B007A62EB /* LaunchScreen.storyboard in Resources */,
				C7BA8E0028CEEE5B007A62EB /* Assets.xcassets in Resources */,
				C7BA8DFE28CEEE58007A62EB /* Main.storyboard in Resources */,
			);
			runOnlyForDeploymentPostprocessing = 0;
		};
		C7BA8E0728CEEE5B007A62EB /* Resources */ = {
			isa = PBXResourcesBuildPhase;
			buildActionMask = 2147483647;
			files = (
			);
			runOnlyForDeploymentPostprocessing = 0;
		};
		C7BA8E1128CEEE5B007A62EB /* Resources */ = {
			isa = PBXResourcesBuildPhase;
			buildActionMask = 2147483647;
			files = (
			);
			runOnlyForDeploymentPostprocessing = 0;
		};
/* End PBXResourcesBuildPhase section */

/* Begin PBXShellScriptBuildPhase section */
		12DA5DEF97B14902D924AEF4 /* [CP] Check Pods Manifest.lock */ = {
			isa = PBXShellScriptBuildPhase;
			buildActionMask = 2147483647;
			files = (
			);
			inputFileListPaths = (
			);
			inputPaths = (
				"${PODS_PODFILE_DIR_PATH}/Podfile.lock",
				"${PODS_ROOT}/Manifest.lock",
			);
			name = "[CP] Check Pods Manifest.lock";
			outputFileListPaths = (
			);
			outputPaths = (
				"$(DERIVED_FILE_DIR)/Pods-Flix-FlixUITests-checkManifestLockResult.txt",
			);
			runOnlyForDeploymentPostprocessing = 0;
			shellPath = /bin/sh;
			shellScript = "diff \"${PODS_PODFILE_DIR_PATH}/Podfile.lock\" \"${PODS_ROOT}/Manifest.lock\" > /dev/null\nif [ $? != 0 ] ; then\n    # print error to STDERR\n    echo \"error: The sandbox is not in sync with the Podfile.lock. Run 'pod install' or update your CocoaPods installation.\" >&2\n    exit 1\nfi\n# This output is used by Xcode 'outputs' to avoid re-running this script phase.\necho \"SUCCESS\" > \"${SCRIPT_OUTPUT_FILE_0}\"\n";
			showEnvVarsInLog = 0;
		};
		780D0A1E9DC60EFBD1D8F9D1 /* [CP] Check Pods Manifest.lock */ = {
			isa = PBXShellScriptBuildPhase;
			buildActionMask = 2147483647;
			files = (
			);
			inputFileListPaths = (
			);
			inputPaths = (
				"${PODS_PODFILE_DIR_PATH}/Podfile.lock",
				"${PODS_ROOT}/Manifest.lock",
			);
			name = "[CP] Check Pods Manifest.lock";
			outputFileListPaths = (
			);
			outputPaths = (
				"$(DERIVED_FILE_DIR)/Pods-Flix-checkManifestLockResult.txt",
			);
			runOnlyForDeploymentPostprocessing = 0;
			shellPath = /bin/sh;
			shellScript = "diff \"${PODS_PODFILE_DIR_PATH}/Podfile.lock\" \"${PODS_ROOT}/Manifest.lock\" > /dev/null\nif [ $? != 0 ] ; then\n    # print error to STDERR\n    echo \"error: The sandbox is not in sync with the Podfile.lock. Run 'pod install' or update your CocoaPods installation.\" >&2\n    exit 1\nfi\n# This output is used by Xcode 'outputs' to avoid re-running this script phase.\necho \"SUCCESS\" > \"${SCRIPT_OUTPUT_FILE_0}\"\n";
			showEnvVarsInLog = 0;
		};
		8CA15A5D2411AAC762B58258 /* [CP] Check Pods Manifest.lock */ = {
			isa = PBXShellScriptBuildPhase;
			buildActionMask = 2147483647;
			files = (
			);
			inputFileListPaths = (
			);
			inputPaths = (
				"${PODS_PODFILE_DIR_PATH}/Podfile.lock",
				"${PODS_ROOT}/Manifest.lock",
			);
			name = "[CP] Check Pods Manifest.lock";
			outputFileListPaths = (
			);
			outputPaths = (
				"$(DERIVED_FILE_DIR)/Pods-FlixTests-checkManifestLockResult.txt",
			);
			runOnlyForDeploymentPostprocessing = 0;
			shellPath = /bin/sh;
			shellScript = "diff \"${PODS_PODFILE_DIR_PATH}/Podfile.lock\" \"${PODS_ROOT}/Manifest.lock\" > /dev/null\nif [ $? != 0 ] ; then\n    # print error to STDERR\n    echo \"error: The sandbox is not in sync with the Podfile.lock. Run 'pod install' or update your CocoaPods installation.\" >&2\n    exit 1\nfi\n# This output is used by Xcode 'outputs' to avoid re-running this script phase.\necho \"SUCCESS\" > \"${SCRIPT_OUTPUT_FILE_0}\"\n";
			showEnvVarsInLog = 0;
		};
		9A89CF7238893A9713883621 /* [CP] Embed Pods Frameworks */ = {
			isa = PBXShellScriptBuildPhase;
			buildActionMask = 2147483647;
			files = (
			);
			inputFileListPaths = (
				"${PODS_ROOT}/Target Support Files/Pods-Flix-FlixUITests/Pods-Flix-FlixUITests-frameworks-${CONFIGURATION}-input-files.xcfilelist",
			);
			name = "[CP] Embed Pods Frameworks";
			outputFileListPaths = (
				"${PODS_ROOT}/Target Support Files/Pods-Flix-FlixUITests/Pods-Flix-FlixUITests-frameworks-${CONFIGURATION}-output-files.xcfilelist",
			);
			runOnlyForDeploymentPostprocessing = 0;
			shellPath = /bin/sh;
			shellScript = "\"${PODS_ROOT}/Target Support Files/Pods-Flix-FlixUITests/Pods-Flix-FlixUITests-frameworks.sh\"\n";
			showEnvVarsInLog = 0;
		};
		ED2E225CFD30C362853F609C /* [CP] Embed Pods Frameworks */ = {
			isa = PBXShellScriptBuildPhase;
			buildActionMask = 2147483647;
			files = (
			);
			inputFileListPaths = (
				"${PODS_ROOT}/Target Support Files/Pods-Flix/Pods-Flix-frameworks-${CONFIGURATION}-input-files.xcfilelist",
			);
			name = "[CP] Embed Pods Frameworks";
			outputFileListPaths = (
				"${PODS_ROOT}/Target Support Files/Pods-Flix/Pods-Flix-frameworks-${CONFIGURATION}-output-files.xcfilelist",
			);
			runOnlyForDeploymentPostprocessing = 0;
			shellPath = /bin/sh;
			shellScript = "\"${PODS_ROOT}/Target Support Files/Pods-Flix/Pods-Flix-frameworks.sh\"\n";
			showEnvVarsInLog = 0;
		};
/* End PBXShellScriptBuildPhase section */

/* Begin PBXSourcesBuildPhase section */
		C7BA8DEF28CEEE58007A62EB /* Sources */ = {
			isa = PBXSourcesBuildPhase;
			buildActionMask = 2147483647;
			files = (
				C74DA20A28D8166000674465 /* MovieDetailsViewController.swift in Sources */,
				C7BA8DFB28CEEE58007A62EB /* MoviesViewController.swift in Sources */,
				C7BA8DF728CEEE58007A62EB /* AppDelegate.swift in Sources */,
				C74EAD3628D0091F007F8A21 /* MovieCell.swift in Sources */,
				C7BA8DF928CEEE58007A62EB /* SceneDelegate.swift in Sources */,
				C74DA20C28D94EBE00674465 /* MovieGridViewController.swift in Sources */,
				C7AC258528D964CE00476CEA /* MoviesGridDetailsViewController.swift in Sources */,
				C74DA20E28D954B900674465 /* MovieGridCell.swift in Sources */,
			);
			runOnlyForDeploymentPostprocessing = 0;
		};
		C7BA8E0528CEEE5B007A62EB /* Sources */ = {
			isa = PBXSourcesBuildPhase;
			buildActionMask = 2147483647;
			files = (
				C7BA8E0E28CEEE5B007A62EB /* FlixTests.swift in Sources */,
			);
			runOnlyForDeploymentPostprocessing = 0;
		};
		C7BA8E0F28CEEE5B007A62EB /* Sources */ = {
			isa = PBXSourcesBuildPhase;
			buildActionMask = 2147483647;
			files = (
				C7BA8E1828CEEE5B007A62EB /* FlixUITests.swift in Sources */,
				C7BA8E1A28CEEE5B007A62EB /* FlixUITestsLaunchTests.swift in Sources */,
			);
			runOnlyForDeploymentPostprocessing = 0;
		};
/* End PBXSourcesBuildPhase section */

/* Begin PBXTargetDependency section */
		C7BA8E0B28CEEE5B007A62EB /* PBXTargetDependency */ = {
			isa = PBXTargetDependency;
			target = C7BA8DF228CEEE58007A62EB /* Flix */;
			targetProxy = C7BA8E0A28CEEE5B007A62EB /* PBXContainerItemProxy */;
		};
		C7BA8E1528CEEE5B007A62EB /* PBXTargetDependency */ = {
			isa = PBXTargetDependency;
			target = C7BA8DF228CEEE58007A62EB /* Flix */;
			targetProxy = C7BA8E1428CEEE5B007A62EB /* PBXContainerItemProxy */;
		};
/* End PBXTargetDependency section */

/* Begin PBXVariantGroup section */
		C7BA8DFC28CEEE58007A62EB /* Main.storyboard */ = {
			isa = PBXVariantGroup;
			children = (
				C7BA8DFD28CEEE58007A62EB /* Base */,
			);
			name = Main.storyboard;
			sourceTree = "<group>";
		};
		C7BA8E0128CEEE5B007A62EB /* LaunchScreen.storyboard */ = {
			isa = PBXVariantGroup;
			children = (
				C7BA8E0228CEEE5B007A62EB /* Base */,
			);
			name = LaunchScreen.storyboard;
			sourceTree = "<group>";
		};
/* End PBXVariantGroup section */

/* Begin XCBuildConfiguration section */
		C7BA8E1B28CEEE5B007A62EB /* Debug */ = {
			isa = XCBuildConfiguration;
			buildSettings = {
				ALWAYS_SEARCH_USER_PATHS = NO;
				CLANG_ANALYZER_NONNULL = YES;
				CLANG_ANALYZER_NUMBER_OBJECT_CONVERSION = YES_AGGRESSIVE;
				CLANG_CXX_LANGUAGE_STANDARD = "gnu++17";
				CLANG_ENABLE_MODULES = YES;
				CLANG_ENABLE_OBJC_ARC = YES;
				CLANG_ENABLE_OBJC_WEAK = YES;
				CLANG_WARN_BLOCK_CAPTURE_AUTORELEASING = YES;
				CLANG_WARN_BOOL_CONVERSION = YES;
				CLANG_WARN_COMMA = YES;
				CLANG_WARN_CONSTANT_CONVERSION = YES;
				CLANG_WARN_DEPRECATED_OBJC_IMPLEMENTATIONS = YES;
				CLANG_WARN_DIRECT_OBJC_ISA_USAGE = YES_ERROR;
				CLANG_WARN_DOCUMENTATION_COMMENTS = YES;
				CLANG_WARN_EMPTY_BODY = YES;
				CLANG_WARN_ENUM_CONVERSION = YES;
				CLANG_WARN_INFINITE_RECURSION = YES;
				CLANG_WARN_INT_CONVERSION = YES;
				CLANG_WARN_NON_LITERAL_NULL_CONVERSION = YES;
				CLANG_WARN_OBJC_IMPLICIT_RETAIN_SELF = YES;
				CLANG_WARN_OBJC_LITERAL_CONVERSION = YES;
				CLANG_WARN_OBJC_ROOT_CLASS = YES_ERROR;
				CLANG_WARN_QUOTED_INCLUDE_IN_FRAMEWORK_HEADER = YES;
				CLANG_WARN_RANGE_LOOP_ANALYSIS = YES;
				CLANG_WARN_STRICT_PROTOTYPES = YES;
				CLANG_WARN_SUSPICIOUS_MOVE = YES;
				CLANG_WARN_UNGUARDED_AVAILABILITY = YES_AGGRESSIVE;
				CLANG_WARN_UNREACHABLE_CODE = YES;
				CLANG_WARN__DUPLICATE_METHOD_MATCH = YES;
				COPY_PHASE_STRIP = NO;
				DEBUG_INFORMATION_FORMAT = dwarf;
				ENABLE_STRICT_OBJC_MSGSEND = YES;
				ENABLE_TESTABILITY = YES;
				GCC_C_LANGUAGE_STANDARD = gnu11;
				GCC_DYNAMIC_NO_PIC = NO;
				GCC_NO_COMMON_BLOCKS = YES;
				GCC_OPTIMIZATION_LEVEL = 0;
				GCC_PREPROCESSOR_DEFINITIONS = (
					"DEBUG=1",
					"$(inherited)",
				);
				GCC_WARN_64_TO_32_BIT_CONVERSION = YES;
				GCC_WARN_ABOUT_RETURN_TYPE = YES_ERROR;
				GCC_WARN_UNDECLARED_SELECTOR = YES;
				GCC_WARN_UNINITIALIZED_AUTOS = YES_AGGRESSIVE;
				GCC_WARN_UNUSED_FUNCTION = YES;
				GCC_WARN_UNUSED_VARIABLE = YES;
				IPHONEOS_DEPLOYMENT_TARGET = 15.5;
				MTL_ENABLE_DEBUG_INFO = INCLUDE_SOURCE;
				MTL_FAST_MATH = YES;
				ONLY_ACTIVE_ARCH = YES;
				SDKROOT = iphoneos;
				SWIFT_ACTIVE_COMPILATION_CONDITIONS = DEBUG;
				SWIFT_OPTIMIZATION_LEVEL = "-Onone";
			};
			name = Debug;
		};
		C7BA8E1C28CEEE5B007A62EB /* Release */ = {
			isa = XCBuildConfiguration;
			buildSettings = {
				ALWAYS_SEARCH_USER_PATHS = NO;
				CLANG_ANALYZER_NONNULL = YES;
				CLANG_ANALYZER_NUMBER_OBJECT_CONVERSION = YES_AGGRESSIVE;
				CLANG_CXX_LANGUAGE_STANDARD = "gnu++17";
				CLANG_ENABLE_MODULES = YES;
				CLANG_ENABLE_OBJC_ARC = YES;
				CLANG_ENABLE_OBJC_WEAK = YES;
				CLANG_WARN_BLOCK_CAPTURE_AUTORELEASING = YES;
				CLANG_WARN_BOOL_CONVERSION = YES;
				CLANG_WARN_COMMA = YES;
				CLANG_WARN_CONSTANT_CONVERSION = YES;
				CLANG_WARN_DEPRECATED_OBJC_IMPLEMENTATIONS = YES;
				CLANG_WARN_DIRECT_OBJC_ISA_USAGE = YES_ERROR;
				CLANG_WARN_DOCUMENTATION_COMMENTS = YES;
				CLANG_WARN_EMPTY_BODY = YES;
				CLANG_WARN_ENUM_CONVERSION = YES;
				CLANG_WARN_INFINITE_RECURSION = YES;
				CLANG_WARN_INT_CONVERSION = YES;
				CLANG_WARN_NON_LITERAL_NULL_CONVERSION = YES;
				CLANG_WARN_OBJC_IMPLICIT_RETAIN_SELF = YES;
				CLANG_WARN_OBJC_LITERAL_CONVERSION = YES;
				CLANG_WARN_OBJC_ROOT_CLASS = YES_ERROR;
				CLANG_WARN_QUOTED_INCLUDE_IN_FRAMEWORK_HEADER = YES;
				CLANG_WARN_RANGE_LOOP_ANALYSIS = YES;
				CLANG_WARN_STRICT_PROTOTYPES = YES;
				CLANG_WARN_SUSPICIOUS_MOVE = YES;
				CLANG_WARN_UNGUARDED_AVAILABILITY = YES_AGGRESSIVE;
				CLANG_WARN_UNREACHABLE_CODE = YES;
				CLANG_WARN__DUPLICATE_METHOD_MATCH = YES;
				COPY_PHASE_STRIP = NO;
				DEBUG_INFORMATION_FORMAT = "dwarf-with-dsym";
				ENABLE_NS_ASSERTIONS = NO;
				ENABLE_STRICT_OBJC_MSGSEND = YES;
				GCC_C_LANGUAGE_STANDARD = gnu11;
				GCC_NO_COMMON_BLOCKS = YES;
				GCC_WARN_64_TO_32_BIT_CONVERSION = YES;
				GCC_WARN_ABOUT_RETURN_TYPE = YES_ERROR;
				GCC_WARN_UNDECLARED_SELECTOR = YES;
				GCC_WARN_UNINITIALIZED_AUTOS = YES_AGGRESSIVE;
				GCC_WARN_UNUSED_FUNCTION = YES;
				GCC_WARN_UNUSED_VARIABLE = YES;
				IPHONEOS_DEPLOYMENT_TARGET = 15.5;
				MTL_ENABLE_DEBUG_INFO = NO;
				MTL_FAST_MATH = YES;
				SDKROOT = iphoneos;
				SWIFT_COMPILATION_MODE = wholemodule;
				SWIFT_OPTIMIZATION_LEVEL = "-O";
				VALIDATE_PRODUCT = YES;
			};
			name = Release;
		};
		C7BA8E1E28CEEE5B007A62EB /* Debug */ = {
			isa = XCBuildConfiguration;
			baseConfigurationReference = 18CD90A93CB661F3B6F1A243 /* Pods-Flix.debug.xcconfig */;
			buildSettings = {
				ASSETCATALOG_COMPILER_APPICON_NAME = AppIcon;
				ASSETCATALOG_COMPILER_GLOBAL_ACCENT_COLOR_NAME = AccentColor;
				CODE_SIGN_STYLE = Automatic;
				CURRENT_PROJECT_VERSION = 1;
				DEVELOPMENT_TEAM = 4Q79H3B583;
				GENERATE_INFOPLIST_FILE = YES;
				INFOPLIST_FILE = Flix/Info.plist;
				INFOPLIST_KEY_UIApplicationSupportsIndirectInputEvents = YES;
				INFOPLIST_KEY_UILaunchStoryboardName = LaunchScreen;
				INFOPLIST_KEY_UIMainStoryboardFile = Main;
				INFOPLIST_KEY_UISupportedInterfaceOrientations_iPad = "UIInterfaceOrientationPortrait UIInterfaceOrientationPortraitUpsideDown UIInterfaceOrientationLandscapeLeft UIInterfaceOrientationLandscapeRight";
				INFOPLIST_KEY_UISupportedInterfaceOrientations_iPhone = "UIInterfaceOrientationPortrait UIInterfaceOrientationLandscapeLeft UIInterfaceOrientationLandscapeRight";
				LD_RUNPATH_SEARCH_PATHS = (
					"$(inherited)",
					"@executable_path/Frameworks",
				);
				MARKETING_VERSION = 1.0;
				PRODUCT_BUNDLE_IDENTIFIER = prestonbarney.Flix;
				PRODUCT_NAME = "$(TARGET_NAME)";
				SWIFT_EMIT_LOC_STRINGS = YES;
				SWIFT_VERSION = 5.0;
				TARGETED_DEVICE_FAMILY = "1,2";
			};
			name = Debug;
		};
		C7BA8E1F28CEEE5B007A62EB /* Release */ = {
			isa = XCBuildConfiguration;
			baseConfigurationReference = D4EE2E424884375B6535D463 /* Pods-Flix.release.xcconfig */;
			buildSettings = {
				ASSETCATALOG_COMPILER_APPICON_NAME = AppIcon;
				ASSETCATALOG_COMPILER_GLOBAL_ACCENT_COLOR_NAME = AccentColor;
				CODE_SIGN_STYLE = Automatic;
				CURRENT_PROJECT_VERSION = 1;
				DEVELOPMENT_TEAM = 4Q79H3B583;
				GENERATE_INFOPLIST_FILE = YES;
				INFOPLIST_FILE = Flix/Info.plist;
				INFOPLIST_KEY_UIApplicationSupportsIndirectInputEvents = YES;
				INFOPLIST_KEY_UILaunchStoryboardName = LaunchScreen;
				INFOPLIST_KEY_UIMainStoryboardFile = Main;
				INFOPLIST_KEY_UISupportedInterfaceOrientations_iPad = "UIInterfaceOrientationPortrait UIInterfaceOrientationPortraitUpsideDown UIInterfaceOrientationLandscapeLeft UIInterfaceOrientationLandscapeRight";
				INFOPLIST_KEY_UISupportedInterfaceOrientations_iPhone = "UIInterfaceOrientationPortrait UIInterfaceOrientationLandscapeLeft UIInterfaceOrientationLandscapeRight";
				LD_RUNPATH_SEARCH_PATHS = (
					"$(inherited)",
					"@executable_path/Frameworks",
				);
				MARKETING_VERSION = 1.0;
				PRODUCT_BUNDLE_IDENTIFIER = prestonbarney.Flix;
				PRODUCT_NAME = "$(TARGET_NAME)";
				SWIFT_EMIT_LOC_STRINGS = YES;
				SWIFT_VERSION = 5.0;
				TARGETED_DEVICE_FAMILY = "1,2";
			};
			name = Release;
		};
		C7BA8E2128CEEE5B007A62EB /* Debug */ = {
			isa = XCBuildConfiguration;
			baseConfigurationReference = AE98DF4D6E5294B33B13E9F1 /* Pods-FlixTests.debug.xcconfig */;
			buildSettings = {
				ALWAYS_EMBED_SWIFT_STANDARD_LIBRARIES = YES;
				BUNDLE_LOADER = "$(TEST_HOST)";
				CODE_SIGN_STYLE = Automatic;
				CURRENT_PROJECT_VERSION = 1;
				GENERATE_INFOPLIST_FILE = YES;
				IPHONEOS_DEPLOYMENT_TARGET = 15.5;
				MARKETING_VERSION = 1.0;
				PRODUCT_BUNDLE_IDENTIFIER = prestonbarney.FlixTests;
				PRODUCT_NAME = "$(TARGET_NAME)";
				SWIFT_EMIT_LOC_STRINGS = NO;
				SWIFT_VERSION = 5.0;
				TARGETED_DEVICE_FAMILY = "1,2";
				TEST_HOST = "$(BUILT_PRODUCTS_DIR)/Flix.app/Flix";
			};
			name = Debug;
		};
		C7BA8E2228CEEE5B007A62EB /* Release */ = {
			isa = XCBuildConfiguration;
			baseConfigurationReference = 2E5DEAEE277C31F8D9472F05 /* Pods-FlixTests.release.xcconfig */;
			buildSettings = {
				ALWAYS_EMBED_SWIFT_STANDARD_LIBRARIES = YES;
				BUNDLE_LOADER = "$(TEST_HOST)";
				CODE_SIGN_STYLE = Automatic;
				CURRENT_PROJECT_VERSION = 1;
				GENERATE_INFOPLIST_FILE = YES;
				IPHONEOS_DEPLOYMENT_TARGET = 15.5;
				MARKETING_VERSION = 1.0;
				PRODUCT_BUNDLE_IDENTIFIER = prestonbarney.FlixTests;
				PRODUCT_NAME = "$(TARGET_NAME)";
				SWIFT_EMIT_LOC_STRINGS = NO;
				SWIFT_VERSION = 5.0;
				TARGETED_DEVICE_FAMILY = "1,2";
				TEST_HOST = "$(BUILT_PRODUCTS_DIR)/Flix.app/Flix";
			};
			name = Release;
		};
		C7BA8E2428CEEE5B007A62EB /* Debug */ = {
			isa = XCBuildConfiguration;
			baseConfigurationReference = C058F9CCB4F352184A26728F /* Pods-Flix-FlixUITests.debug.xcconfig */;
			buildSettings = {
				ALWAYS_EMBED_SWIFT_STANDARD_LIBRARIES = YES;
				CODE_SIGN_STYLE = Automatic;
				CURRENT_PROJECT_VERSION = 1;
				GENERATE_INFOPLIST_FILE = YES;
				MARKETING_VERSION = 1.0;
				PRODUCT_BUNDLE_IDENTIFIER = prestonbarney.FlixUITests;
				PRODUCT_NAME = "$(TARGET_NAME)";
				SWIFT_EMIT_LOC_STRINGS = NO;
				SWIFT_VERSION = 5.0;
				TARGETED_DEVICE_FAMILY = "1,2";
				TEST_TARGET_NAME = Flix;
			};
			name = Debug;
		};
		C7BA8E2528CEEE5B007A62EB /* Release */ = {
			isa = XCBuildConfiguration;
			baseConfigurationReference = EFA0DD308448A04153F69474 /* Pods-Flix-FlixUITests.release.xcconfig */;
			buildSettings = {
				ALWAYS_EMBED_SWIFT_STANDARD_LIBRARIES = YES;
				CODE_SIGN_STYLE = Automatic;
				CURRENT_PROJECT_VERSION = 1;
				GENERATE_INFOPLIST_FILE = YES;
				MARKETING_VERSION = 1.0;
				PRODUCT_BUNDLE_IDENTIFIER = prestonbarney.FlixUITests;
				PRODUCT_NAME = "$(TARGET_NAME)";
				SWIFT_EMIT_LOC_STRINGS = NO;
				SWIFT_VERSION = 5.0;
				TARGETED_DEVICE_FAMILY = "1,2";
				TEST_TARGET_NAME = Flix;
			};
			name = Release;
		};
/* End XCBuildConfiguration section */

/* Begin XCConfigurationList section */
		C7BA8DEE28CEEE58007A62EB /* Build configuration list for PBXProject "Flix" */ = {
			isa = XCConfigurationList;
			buildConfigurations = (
				C7BA8E1B28CEEE5B007A62EB /* Debug */,
				C7BA8E1C28CEEE5B007A62EB /* Release */,
			);
			defaultConfigurationIsVisible = 0;
			defaultConfigurationName = Release;
		};
		C7BA8E1D28CEEE5B007A62EB /* Build configuration list for PBXNativeTarget "Flix" */ = {
			isa = XCConfigurationList;
			buildConfigurations = (
				C7BA8E1E28CEEE5B007A62EB /* Debug */,
				C7BA8E1F28CEEE5B007A62EB /* Release */,
			);
			defaultConfigurationIsVisible = 0;
			defaultConfigurationName = Release;
		};
		C7BA8E2028CEEE5B007A62EB /* Build configuration list for PBXNativeTarget "FlixTests" */ = {
			isa = XCConfigurationList;
			buildConfigurations = (
				C7BA8E2128CEEE5B007A62EB /* Debug */,
				C7BA8E2228CEEE5B007A62EB /* Release */,
			);
			defaultConfigurationIsVisible = 0;
			defaultConfigurationName = Release;
		};
		C7BA8E2328CEEE5B007A62EB /* Build configuration list for PBXNativeTarget "FlixUITests" */ = {
			isa = XCConfigurationList;
			buildConfigurations = (
				C7BA8E2428CEEE5B007A62EB /* Debug */,
				C7BA8E2528CEEE5B007A62EB /* Release */,
			);
			defaultConfigurationIsVisible = 0;
			defaultConfigurationName = Release;
		};
/* End XCConfigurationList section */

/* Begin XCRemoteSwiftPackageReference section */
		C74EAD3728D00C95007F8A21 /* XCRemoteSwiftPackageReference "AlamofireImage" */ = {
			isa = XCRemoteSwiftPackageReference;
			repositoryURL = "https://github.com/Alamofire/AlamofireImage";
			requirement = {
				kind = upToNextMajorVersion;
				minimumVersion = 4.0.0;
			};
		};
/* End XCRemoteSwiftPackageReference section */

/* Begin XCSwiftPackageProductDependency section */
		C74EAD3828D00C95007F8A21 /* AlamofireImage */ = {
			isa = XCSwiftPackageProductDependency;
			package = C74EAD3728D00C95007F8A21 /* XCRemoteSwiftPackageReference "AlamofireImage" */;
			productName = AlamofireImage;
		};
/* End XCSwiftPackageProductDependency section */
	};
	rootObject = C7BA8DEB28CEEE58007A62EB /* Project object */;
}
